// !$*UTF8*$!
{
	archiveVersion = 1;
	classes = {
	};
	objectVersion = 46;
	objects = {

/* Begin PBXBuildFile section */
		4353BC6C1C337DE900E17A24 /* AppDelegate.swift in Sources */ = {isa = PBXBuildFile; fileRef = 4353BC6B1C337DE900E17A24 /* AppDelegate.swift */; };
		4353BC6E1C337DE900E17A24 /* ViewController.swift in Sources */ = {isa = PBXBuildFile; fileRef = 4353BC6D1C337DE900E17A24 /* ViewController.swift */; };
		4353BC711C337DE900E17A24 /* Main.storyboard in Resources */ = {isa = PBXBuildFile; fileRef = 4353BC6F1C337DE900E17A24 /* Main.storyboard */; };
		4353BC731C337DE900E17A24 /* Assets.xcassets in Resources */ = {isa = PBXBuildFile; fileRef = 4353BC721C337DE900E17A24 /* Assets.xcassets */; };
		4353BC761C337DE900E17A24 /* LaunchScreen.storyboard in Resources */ = {isa = PBXBuildFile; fileRef = 4353BC741C337DE900E17A24 /* LaunchScreen.storyboard */; };
		4353BC811C337DE900E17A24 /* TippyTests.swift in Sources */ = {isa = PBXBuildFile; fileRef = 4353BC801C337DE900E17A24 /* TippyTests.swift */; };
		4353BC8C1C337DE900E17A24 /* TippyUITests.swift in Sources */ = {isa = PBXBuildFile; fileRef = 4353BC8B1C337DE900E17A24 /* TippyUITests.swift */; };
/* End PBXBuildFile section */

/* Begin PBXContainerItemProxy section */
		4353BC7D1C337DE900E17A24 /* PBXContainerItemProxy */ = {
			isa = PBXContainerItemProxy;
			containerPortal = 4353BC601C337DE900E17A24 /* Project object */;
			proxyType = 1;
			remoteGlobalIDString = 4353BC671C337DE900E17A24;
			remoteInfo = Tippy;
		};
		4353BC881C337DE900E17A24 /* PBXContainerItemProxy */ = {
			isa = PBXContainerItemProxy;
			containerPortal = 4353BC601C337DE900E17A24 /* Project object */;
			proxyType = 1;
			remoteGlobalIDString = 4353BC671C337DE900E17A24;
			remoteInfo = Tippy;
		};
/* End PBXContainerItemProxy section */

/* Begin PBXFileReference section */
		4353BC681C337DE900E17A24 /* Tippy.app */ = {isa = PBXFileReference; explicitFileType = wrapper.application; includeInIndex = 0; path = Tippy.app; sourceTree = BUILT_PRODUCTS_DIR; };
		4353BC6B1C337DE900E17A24 /* AppDelegate.swift */ = {isa = PBXFileReference; lastKnownFileType = sourcecode.swift; path = AppDelegate.swift; sourceTree = "<group>"; };
		4353BC6D1C337DE900E17A24 /* ViewController.swift */ = {isa = PBXFileReference; lastKnownFileType = sourcecode.swift; path = ViewController.swift; sourceTree = "<group>"; };
		4353BC701C337DE900E17A24 /* Base */ = {isa = PBXFileReference; lastKnownFileType = file.storyboard; name = Base; path = Base.lproj/Main.storyboard; sourceTree = "<group>"; };
		4353BC721C337DE900E17A24 /* Assets.xcassets */ = {isa = PBXFileReference; lastKnownFileType = folder.assetcatalog; path = Assets.xcassets; sourceTree = "<group>"; };
		4353BC751C337DE900E17A24 /* Base */ = {isa = PBXFileReference; lastKnownFileType = file.storyboard; name = Base; path = Base.lproj/LaunchScreen.storyboard; sourceTree = "<group>"; };
		4353BC771C337DE900E17A24 /* Info.plist */ = {isa = PBXFileReference; lastKnownFileType = text.plist.xml; path = Info.plist; sourceTree = "<group>"; };
		4353BC7C1C337DE900E17A24 /* TippyTests.xctest */ = {isa = PBXFileReference; explicitFileType = wrapper.cfbundle; includeInIndex = 0; path = TippyTests.xctest; sourceTree = BUILT_PRODUCTS_DIR; };
		4353BC801C337DE900E17A24 /* TippyTests.swift */ = {isa = PBXFileReference; lastKnownFileType = sourcecode.swift; path = TippyTests.swift; sourceTree = "<group>"; };
		4353BC821C337DE900E17A24 /* Info.plist */ = {isa = PBXFileReference; lastKnownFileType = text.plist.xml; path = Info.plist; sourceTree = "<group>"; };
		4353BC871C337DE900E17A24 /* TippyUITests.xctest */ = {isa = PBXFileReference; explicitFileType = wrapper.cfbundle; includeInIndex = 0; path = TippyUITests.xctest; sourceTree = BUILT_PRODUCTS_DIR; };
		4353BC8B1C337DE900E17A24 /* TippyUITests.swift */ = {isa = PBXFileReference; lastKnownFileType = sourcecode.swift; path = TippyUITests.swift; sourceTree = "<group>"; };
		4353BC8D1C337DE900E17A24 /* Info.plist */ = {isa = PBXFileReference; lastKnownFileType = text.plist.xml; path = Info.plist; sourceTree = "<group>"; };
/* End PBXFileReference section */

/* Begin PBXFrameworksBuildPhase section */
		4353BC651C337DE900E17A24 /* Frameworks */ = {
			isa = PBXFrameworksBuildPhase;
			buildActionMask = 2147483647;
			files = (
			);
			runOnlyForDeploymentPostprocessing = 0;
		};
		4353BC791C337DE900E17A24 /* Frameworks */ = {
			isa = PBXFrameworksBuildPhase;
			buildActionMask = 2147483647;
			files = (
			);
			runOnlyForDeploymentPostprocessing = 0;
		};
		4353BC841C337DE900E17A24 /* Frameworks */ = {
			isa = PBXFrameworksBuildPhase;
			buildActionMask = 2147483647;
			files = (
			);
			runOnlyForDeploymentPostprocessing = 0;
		};
/* End PBXFrameworksBuildPhase section */

/* Begin PBXGroup section */
		4353BC5F1C337DE900E17A24 = {
			isa = PBXGroup;
			children = (
				4353BC6A1C337DE900E17A24 /* Tippy */,
				4353BC7F1C337DE900E17A24 /* TippyTests */,
				4353BC8A1C337DE900E17A24 /* TippyUITests */,
				4353BC691C337DE900E17A24 /* Products */,
			);
			sourceTree = "<group>";
		};
		4353BC691C337DE900E17A24 /* Products */ = {
			isa = PBXGroup;
			children = (
				4353BC681C337DE900E17A24 /* Tippy.app */,
				4353BC7C1C337DE900E17A24 /* TippyTests.xctest */,
				4353BC871C337DE900E17A24 /* TippyUITests.xctest */,
			);
			name = Products;
			sourceTree = "<group>";
		};
		4353BC6A1C337DE900E17A24 /* Tippy */ = {
			isa = PBXGroup;
			children = (
				4353BC6B1C337DE900E17A24 /* AppDelegate.swift */,
				4353BC6D1C337DE900E17A24 /* ViewController.swift */,
				4353BC6F1C337DE900E17A24 /* Main.storyboard */,
				4353BC721C337DE900E17A24 /* Assets.xcassets */,
				4353BC741C337DE900E17A24 /* LaunchScreen.storyboard */,
				4353BC771C337DE900E17A24 /* Info.plist */,
			);
			path = Tippy;
			sourceTree = "<group>";
		};
		4353BC7F1C337DE900E17A24 /* TippyTests */ = {
			isa = PBXGroup;
			children = (
				4353BC801C337DE900E17A24 /* TippyTests.swift */,
				4353BC821C337DE900E17A24 /* Info.plist */,
			);
			path = TippyTests;
			sourceTree = "<group>";
		};
		4353BC8A1C337DE900E17A24 /* TippyUITests */ = {
			isa = PBXGroup;
			children = (
				4353BC8B1C337DE900E17A24 /* TippyUITests.swift */,
				4353BC8D1C337DE900E17A24 /* Info.plist */,
			);
			path = TippyUITests;
			sourceTree = "<group>";
		};
/* End PBXGroup section */

/* Begin PBXNativeTarget section */
		4353BC671C337DE900E17A24 /* Tippy */ = {
			isa = PBXNativeTarget;
			buildConfigurationList = 4353BC901C337DE900E17A24 /* Build configuration list for PBXNativeTarget "Tippy" */;
			buildPhases = (
				4353BC641C337DE900E17A24 /* Sources */,
				4353BC651C337DE900E17A24 /* Frameworks */,
				4353BC661C337DE900E17A24 /* Resources */,
			);
			buildRules = (
			);
			dependencies = (
			);
			name = Tippy;
			productName = Tippy;
			productReference = 4353BC681C337DE900E17A24 /* Tippy.app */;
			productType = "com.apple.product-type.application";
		};
		4353BC7B1C337DE900E17A24 /* TippyTests */ = {
			isa = PBXNativeTarget;
			buildConfigurationList = 4353BC931C337DE900E17A24 /* Build configuration list for PBXNativeTarget "TippyTests" */;
			buildPhases = (
				4353BC781C337DE900E17A24 /* Sources */,
				4353BC791C337DE900E17A24 /* Frameworks */,
				4353BC7A1C337DE900E17A24 /* Resources */,
			);
			buildRules = (
			);
			dependencies = (
				4353BC7E1C337DE900E17A24 /* PBXTargetDependency */,
			);
			name = TippyTests;
			productName = TippyTests;
			productReference = 4353BC7C1C337DE900E17A24 /* TippyTests.xctest */;
			productType = "com.apple.product-type.bundle.unit-test";
		};
		4353BC861C337DE900E17A24 /* TippyUITests */ = {
			isa = PBXNativeTarget;
			buildConfigurationList = 4353BC961C337DE900E17A24 /* Build configuration list for PBXNativeTarget "TippyUITests" */;
			buildPhases = (
				4353BC831C337DE900E17A24 /* Sources */,
				4353BC841C337DE900E17A24 /* Frameworks */,
				4353BC851C337DE900E17A24 /* Resources */,
			);
			buildRules = (
			);
			dependencies = (
				4353BC891C337DE900E17A24 /* PBXTargetDependency */,
			);
			name = TippyUITests;
			productName = TippyUITests;
			productReference = 4353BC871C337DE900E17A24 /* TippyUITests.xctest */;
			productType = "com.apple.product-type.bundle.ui-testing";
		};
/* End PBXNativeTarget section */

/* Begin PBXProject section */
		4353BC601C337DE900E17A24 /* Project object */ = {
			isa = PBXProject;
			attributes = {
				LastSwiftUpdateCheck = 0720;
				LastUpgradeCheck = 0720;
				ORGANIZATIONNAME = davidpark;
				TargetAttributes = {
					4353BC671C337DE900E17A24 = {
						CreatedOnToolsVersion = 7.2;
					};
					4353BC7B1C337DE900E17A24 = {
						CreatedOnToolsVersion = 7.2;
						TestTargetID = 4353BC671C337DE900E17A24;
					};
					4353BC861C337DE900E17A24 = {
						CreatedOnToolsVersion = 7.2;
						TestTargetID = 4353BC671C337DE900E17A24;
					};
				};
			};
			buildConfigurationList = 4353BC631C337DE900E17A24 /* Build configuration list for PBXProject "Tippy" */;
			compatibilityVersion = "Xcode 3.2";
			developmentRegion = English;
			hasScannedForEncodings = 0;
			knownRegions = (
				en,
				Base,
			);
			mainGroup = 4353BC5F1C337DE900E17A24;
			productRefGroup = 4353BC691C337DE900E17A24 /* Products */;
			projectDirPath = "";
			projectRoot = "";
			targets = (
				4353BC671C337DE900E17A24 /* Tippy */,
				4353BC7B1C337DE900E17A24 /* TippyTests */,
				4353BC861C337DE900E17A24 /* TippyUITests */,
			);
		};
/* End PBXProject section */

/* Begin PBXResourcesBuildPhase section */
		4353BC661C337DE900E17A24 /* Resources */ = {
			isa = PBXResourcesBuildPhase;
			buildActionMask = 2147483647;
			files = (
				4353BC761C337DE900E17A24 /* LaunchScreen.storyboard in Resources */,
				4353BC731C337DE900E17A24 /* Assets.xcassets in Resources */,
				4353BC711C337DE900E17A24 /* Main.storyboard in Resources */,
			);
			runOnlyForDeploymentPostprocessing = 0;
		};
		4353BC7A1C337DE900E17A24 /* Resources */ = {
			isa = PBXResourcesBuildPhase;
			buildActionMask = 2147483647;
			files = (
			);
			runOnlyForDeploymentPostprocessing = 0;
		};
		4353BC851C337DE900E17A24 /* Resources */ = {
			isa = PBXResourcesBuildPhase;
			buildActionMask = 2147483647;
			files = (
			);
			runOnlyForDeploymentPostprocessing = 0;
		};
/* End PBXResourcesBuildPhase section */

/* Begin PBXSourcesBuildPhase section */
		4353BC641C337DE900E17A24 /* Sources */ = {
			isa = PBXSourcesBuildPhase;
			buildActionMask = 2147483647;
			files = (
				4353BC6E1C337DE900E17A24 /* ViewController.swift in Sources */,
				4353BC6C1C337DE900E17A24 /* AppDelegate.swift in Sources */,
			);
			runOnlyForDeploymentPostprocessing = 0;
		};
		4353BC781C337DE900E17A24 /* Sources */ = {
			isa = PBXSourcesBuildPhase;
			buildActionMask = 2147483647;
			files = (
				4353BC811C337DE900E17A24 /* TippyTests.swift in Sources */,
			);
			runOnlyForDeploymentPostprocessing = 0;
		};
		4353BC831C337DE900E17A24 /* Sources */ = {
			isa = PBXSourcesBuildPhase;
			buildActionMask = 2147483647;
			files = (
				4353BC8C1C337DE900E17A24 /* TippyUITests.swift in Sources */,
			);
			runOnlyForDeploymentPostprocessing = 0;
		};
/* End PBXSourcesBuildPhase section */

/* Begin PBXTargetDependency section */
		4353BC7E1C337DE900E17A24 /* PBXTargetDependency */ = {
			isa = PBXTargetDependency;
			target = 4353BC671C337DE900E17A24 /* Tippy */;
			targetProxy = 4353BC7D1C337DE900E17A24 /* PBXContainerItemProxy */;
		};
		4353BC891C337DE900E17A24 /* PBXTargetDependency */ = {
			isa = PBXTargetDependency;
			target = 4353BC671C337DE900E17A24 /* Tippy */;
			targetProxy = 4353BC881C337DE900E17A24 /* PBXContainerItemProxy */;
		};
/* End PBXTargetDependency section */

/* Begin PBXVariantGroup section */
		4353BC6F1C337DE900E17A24 /* Main.storyboard */ = {
			isa = PBXVariantGroup;
			children = (
				4353BC701C337DE900E17A24 /* Base */,
			);
			name = Main.storyboard;
			sourceTree = "<group>";
		};
		4353BC741C337DE900E17A24 /* LaunchScreen.storyboard */ = {
			isa = PBXVariantGroup;
			children = (
				4353BC751C337DE900E17A24 /* Base */,
			);
			name = LaunchScreen.storyboard;
			sourceTree = "<group>";
		};
/* End PBXVariantGroup section */

/* Begin XCBuildConfiguration section */
		4353BC8E1C337DE900E17A24 /* Debug */ = {
			isa = XCBuildConfiguration;
			buildSettings = {
				ALWAYS_SEARCH_USER_PATHS = NO;
				CLANG_CXX_LANGUAGE_STANDARD = "gnu++0x";
				CLANG_CXX_LIBRARY = "libc++";
				CLANG_ENABLE_MODULES = YES;
				CLANG_ENABLE_OBJC_ARC = YES;
				CLANG_WARN_BOOL_CONVERSION = YES;
				CLANG_WARN_CONSTANT_CONVERSION = YES;
				CLANG_WARN_DIRECT_OBJC_ISA_USAGE = YES_ERROR;
				CLANG_WARN_EMPTY_BODY = YES;
				CLANG_WARN_ENUM_CONVERSION = YES;
				CLANG_WARN_INT_CONVERSION = YES;
				CLANG_WARN_OBJC_ROOT_CLASS = YES_ERROR;
				CLANG_WARN_UNREACHABLE_CODE = YES;
				CLANG_WARN__DUPLICATE_METHOD_MATCH = YES;
				"CODE_SIGN_IDENTITY[sdk=iphoneos*]" = "iPhone Developer";
				COPY_PHASE_STRIP = NO;
				DEBUG_INFORMATION_FORMAT = dwarf;
				ENABLE_STRICT_OBJC_MSGSEND = YES;
				ENABLE_TESTABILITY = YES;
				GCC_C_LANGUAGE_STANDARD = gnu99;
				GCC_DYNAMIC_NO_PIC = NO;
				GCC_NO_COMMON_BLOCKS = YES;
				GCC_OPTIMIZATION_LEVEL = 0;
				GCC_PREPROCESSOR_DEFINITIONS = (
					"DEBUG=1",
					"$(inherited)",
				);
				GCC_WARN_64_TO_32_BIT_CONVERSION = YES;
				GCC_WARN_ABOUT_RETURN_TYPE = YES_ERROR;
				GCC_WARN_UNDECLARED_SELECTOR = YES;
				GCC_WARN_UNINITIALIZED_AUTOS = YES_AGGRESSIVE;
				GCC_WARN_UNUSED_FUNCTION = YES;
				GCC_WARN_UNUSED_VARIABLE = YES;
				IPHONEOS_DEPLOYMENT_TARGET = 9.2;
				MTL_ENABLE_DEBUG_INFO = YES;
				ONLY_ACTIVE_ARCH = YES;
				SDKROOT = iphoneos;
				SWIFT_OPTIMIZATION_LEVEL = "-Onone";
			};
			name = Debug;
		};
		4353BC8F1C337DE900E17A24 /* Release */ = {
			isa = XCBuildConfiguration;
			buildSettings = {
				ALWAYS_SEARCH_USER_PATHS = NO;
				CLANG_CXX_LANGUAGE_STANDARD = "gnu++0x";
				CLANG_CXX_LIBRARY = "libc++";
				CLANG_ENABLE_MODULES = YES;
				CLANG_ENABLE_OBJC_ARC = YES;
				CLANG_WARN_BOOL_CONVERSION = YES;
				CLANG_WARN_CONSTANT_CONVERSION = YES;
				CLANG_WARN_DIRECT_OBJC_ISA_USAGE = YES_ERROR;
				CLANG_WARN_EMPTY_BODY = YES;
				CLANG_WARN_ENUM_CONVERSION = YES;
				CLANG_WARN_INT_CONVERSION = YES;
				CLANG_WARN_OBJC_ROOT_CLASS = YES_ERROR;
				CLANG_WARN_UNREACHABLE_CODE = YES;
				CLANG_WARN__DUPLICATE_METHOD_MATCH = YES;
				"CODE_SIGN_IDENTITY[sdk=iphoneos*]" = "iPhone Developer";
				COPY_PHASE_STRIP = NO;
				DEBUG_INFORMATION_FORMAT = "dwarf-with-dsym";
				ENABLE_NS_ASSERTIONS = NO;
				ENABLE_STRICT_OBJC_MSGSEND = YES;
				GCC_C_LANGUAGE_STANDARD = gnu99;
				GCC_NO_COMMON_BLOCKS = YES;
				GCC_WARN_64_TO_32_BIT_CONVERSION = YES;
				GCC_WARN_ABOUT_RETURN_TYPE = YES_ERROR;
				GCC_WARN_UNDECLARED_SELECTOR = YES;
				GCC_WARN_UNINITIALIZED_AUTOS = YES_AGGRESSIVE;
				GCC_WARN_UNUSED_FUNCTION = YES;
				GCC_WARN_UNUSED_VARIABLE = YES;
				IPHONEOS_DEPLOYMENT_TARGET = 9.2;
				MTL_ENABLE_DEBUG_INFO = NO;
				SDKROOT = iphoneos;
				VALIDATE_PRODUCT = YES;
			};
			name = Release;
		};
		4353BC911C337DE900E17A24 /* Debug */ = {
			isa = XCBuildConfiguration;
			buildSettings = {
				ASSETCATALOG_COMPILER_APPICON_NAME = AppIcon;
				INFOPLIST_FILE = Tippy/Info.plist;
				LD_RUNPATH_SEARCH_PATHS = "$(inherited) @executable_path/Frameworks";
				PRODUCT_BUNDLE_IDENTIFIER = com.davidpark.Tippy;
				PRODUCT_NAME = "$(TARGET_NAME)";
			};
			name = Debug;
		};
		4353BC921C337DE900E17A24 /* Release */ = {
			isa = XCBuildConfiguration;
			buildSettings = {
				ASSETCATALOG_COMPILER_APPICON_NAME = AppIcon;
				INFOPLIST_FILE = Tippy/Info.plist;
				LD_RUNPATH_SEARCH_PATHS = "$(inherited) @executable_path/Frameworks";
				PRODUCT_BUNDLE_IDENTIFIER = com.davidpark.Tippy;
				PRODUCT_NAME = "$(TARGET_NAME)";
			};
			name = Release;
		};
		4353BC941C337DE900E17A24 /* Debug */ = {
			isa = XCBuildConfiguration;
			buildSettings = {
				BUNDLE_LOADER = "$(TEST_HOST)";
				INFOPLIST_FILE = TippyTests/Info.plist;
				LD_RUNPATH_SEARCH_PATHS = "$(inherited) @executable_path/Frameworks @loader_path/Frameworks";
				PRODUCT_BUNDLE_IDENTIFIER = com.davidpark.TippyTests;
				PRODUCT_NAME = "$(TARGET_NAME)";
				TEST_HOST = "$(BUILT_PRODUCTS_DIR)/Tippy.app/Tippy";
			};
			name = Debug;
		};
		4353BC951C337DE900E17A24 /* Release */ = {
			isa = XCBuildConfiguration;
			buildSettings = {
				BUNDLE_LOADER = "$(TEST_HOST)";
				INFOPLIST_FILE = TippyTests/Info.plist;
				LD_RUNPATH_SEARCH_PATHS = "$(inherited) @executable_path/Frameworks @loader_path/Frameworks";
				PRODUCT_BUNDLE_IDENTIFIER = com.davidpark.TippyTests;
				PRODUCT_NAME = "$(TARGET_NAME)";
				TEST_HOST = "$(BUILT_PRODUCTS_DIR)/Tippy.app/Tippy";
			};
			name = Release;
		};
		4353BC971C337DE900E17A24 /* Debug */ = {
			isa = XCBuildConfiguration;
			buildSettings = {
				INFOPLIST_FILE = TippyUITests/Info.plist;
				LD_RUNPATH_SEARCH_PATHS = "$(inherited) @executable_path/Frameworks @loader_path/Frameworks";
				PRODUCT_BUNDLE_IDENTIFIER = com.davidpark.TippyUITests;
				PRODUCT_NAME = "$(TARGET_NAME)";
				TEST_TARGET_NAME = Tippy;
				USES_XCTRUNNER = YES;
			};
			name = Debug;
		};
		4353BC981C337DE900E17A24 /* Release */ = {
			isa = XCBuildConfiguration;
			buildSettings = {
				INFOPLIST_FILE = TippyUITests/Info.plist;
				LD_RUNPATH_SEARCH_PATHS = "$(inherited) @executable_path/Frameworks @loader_path/Frameworks";
				PRODUCT_BUNDLE_IDENTIFIER = com.davidpark.TippyUITests;
				PRODUCT_NAME = "$(TARGET_NAME)";
				TEST_TARGET_NAME = Tippy;
				USES_XCTRUNNER = YES;
			};
			name = Release;
		};
/* End XCBuildConfiguration section */

/* Begin XCConfigurationList section */
		4353BC631C337DE900E17A24 /* Build configuration list for PBXProject "Tippy" */ = {
			isa = XCConfigurationList;
			buildConfigurations = (
				4353BC8E1C337DE900E17A24 /* Debug */,
				4353BC8F1C337DE900E17A24 /* Release */,
			);
			defaultConfigurationIsVisible = 0;
			defaultConfigurationName = Release;
		};
		4353BC901C337DE900E17A24 /* Build configuration list for PBXNativeTarget "Tippy" */ = {
			isa = XCConfigurationList;
			buildConfigurations = (
				4353BC911C337DE900E17A24 /* Debug */,
				4353BC921C337DE900E17A24 /* Release */,
			);
			defaultConfigurationIsVisible = 0;
		};
		4353BC931C337DE900E17A24 /* Build configuration list for PBXNativeTarget "TippyTests" */ = {
			isa = XCConfigurationList;
			buildConfigurations = (
				4353BC941C337DE900E17A24 /* Debug */,
				4353BC951C337DE900E17A24 /* Release */,
			);
			defaultConfigurationIsVisible = 0;
		};
		4353BC961C337DE900E17A24 /* Build configuration list for PBXNativeTarget "TippyUITests" */ = {
			isa = XCConfigurationList;
			buildConfigurations = (
				4353BC971C337DE900E17A24 /* Debug */,
				4353BC981C337DE900E17A24 /* Release */,
			);
			defaultConfigurationIsVisible = 0;
		};
/* End XCConfigurationList section */
	};
	rootObject = 4353BC601C337DE900E17A24 /* Project object */;
}
